
Microsoft Visual Studio Solution File, Format Version 12.00
# Visual Studio 15
VisualStudioVersion = 15.0.28307.136
MinimumVisualStudioVersion = 10.0.40219.1
Project("{FAE04EC0-301F-11D3-BF4B-00C04F79EFBC}") = "SageHackbarthW3.Web", "SageHackbarthW3.Web\SageHackbarthW3.Web.csproj", "{9BB495D8-635F-4F6C-A136-43DA5FF98944}"
EndProject
Project("{FAE04EC0-301F-11D3-BF4B-00C04F79EFBC}") = "SageHackbarthW3.Domain", "SageHackbarthW3.Domain\SageHackbarthW3.Domain.csproj", "{F31DFF53-E496-4791-9CA2-B95287A73DF7}"
EndProject
Project("{FAE04EC0-301F-11D3-BF4B-00C04F79EFBC}") = "SageHackbarthW3.Shared", "SageHackbarthW3.Shared\SageHackbarthW3.Shared.csproj", "{01BD4DE0-C177-4628-A46C-39C67FACCD6F}"
EndProject
Global
	GlobalSection(SolutionConfigurationPlatforms) = preSolution
		Debug|Any CPU = Debug|Any CPU
		Release|Any CPU = Release|Any CPU
	EndGlobalSection
	GlobalSection(ProjectConfigurationPlatforms) = postSolution
		{9BB495D8-635F-4F6C-A136-43DA5FF98944}.Debug|Any CPU.ActiveCfg = Debug|Any CPU
		{9BB495D8-635F-4F6C-A136-43DA5FF98944}.Debug|Any CPU.Build.0 = Debug|Any CPU
		{9BB495D8-635F-4F6C-A136-43DA5FF98944}.Release|Any CPU.ActiveCfg = Release|Any CPU
		{9BB495D8-635F-4F6C-A136-43DA5FF98944}.Release|Any CPU.Build.0 = Release|Any CPU
		{F31DFF53-E496-4791-9CA2-B95287A73DF7}.Debug|Any CPU.ActiveCfg = Debug|Any CPU
		{F31DFF53-E496-4791-9CA2-B95287A73DF7}.Debug|Any CPU.Build.0 = Debug|Any CPU
		{F31DFF53-E496-4791-9CA2-B95287A73DF7}.Release|Any CPU.ActiveCfg = Release|Any CPU
		{F31DFF53-E496-4791-9CA2-B95287A73DF7}.Release|Any CPU.Build.0 = Release|Any CPU
		{01BD4DE0-C177-4628-A46C-39C67FACCD6F}.Debug|Any CPU.ActiveCfg = Debug|Any CPU
		{01BD4DE0-C177-4628-A46C-39C67FACCD6F}.Debug|Any CPU.Build.0 = Debug|Any CPU
		{01BD4DE0-C177-4628-A46C-39C67FACCD6F}.Release|Any CPU.ActiveCfg = Release|Any CPU
		{01BD4DE0-C177-4628-A46C-39C67FACCD6F}.Release|Any CPU.Build.0 = Release|Any CPU
	EndGlobalSection
	GlobalSection(SolutionProperties) = preSolution
		HideSolutionNode = FALSE
	EndGlobalSection
	GlobalSection(ExtensibilityGlobals) = postSolution
		SolutionGuid = {17981EB2-A2C4-4754-AAEA-C2315C6C33AD}
	EndGlobalSection
EndGlobal
